
Microsoft Visual Studio Solution File, Format Version 11.00
# Visual Studio 2010
# SharpDevelop 4.4
Project("{FD48973F-F585-4F70-812B-4D0503B36CE9}") = "Pg485SkateboardDesigner", "Pg485SkateboardDesigner.pyproj", "{5EB206B0-3062-49DF-87A6-C57BA370CE23}"
EndProject
Global
	GlobalSection(SolutionConfigurationPlatforms) = preSolution
		Debug|Any CPU = Debug|Any CPU
		Release|Any CPU = Release|Any CPU
	EndGlobalSection
	GlobalSection(ProjectConfigurationPlatforms) = postSolution
		{5EB206B0-3062-49DF-87A6-C57BA370CE23}.Debug|Any CPU.Build.0 = Debug|Any CPU
		{5EB206B0-3062-49DF-87A6-C57BA370CE23}.Debug|Any CPU.ActiveCfg = Debug|Any CPU
		{5EB206B0-3062-49DF-87A6-C57BA370CE23}.Release|Any CPU.Build.0 = Release|Any CPU
		{5EB206B0-3062-49DF-87A6-C57BA370CE23}.Release|Any CPU.ActiveCfg = Release|Any CPU
	EndGlobalSection
EndGlobal
