
Microsoft Visual Studio Solution File, Format Version 12.00
# Visual Studio 2013
VisualStudioVersion = 12.0.40629.0
MinimumVisualStudioVersion = 10.0.40219.1
Project("{FAE04EC0-301F-11D3-BF4B-00C04F79EFBC}") = "HelloWorld", "HelloWorld\HelloWorld.csproj", "{905F6A57-3A63-4704-AB4A-B57866525972}"
EndProject
Project("{FAE04EC0-301F-11D3-BF4B-00C04F79EFBC}") = "HelloName", "ConsoleApplication1\HelloName.csproj", "{3B355473-7278-4C03-87CB-2D9047C1A761}"
EndProject
Project("{FAE04EC0-301F-11D3-BF4B-00C04F79EFBC}") = "Lang52aConsole", "Lang52aConsole\Lang52aConsole.csproj", "{A73C4F6A-1181-4E28-8DE4-4D034A83F20B}"
EndProject
Project("{FAE04EC0-301F-11D3-BF4B-00C04F79EFBC}") = "Lang54bConsole", "Lang54bConsole\Lang54bConsole.csproj", "{8CE1714E-D1DC-4397-A635-DE2F583F5876}"
EndProject
Project("{FAE04EC0-301F-11D3-BF4B-00C04F79EFBC}") = "MyName", "MyName\MyName.csproj", "{4F644988-2BBB-49F1-9D0D-C0971732E596}"
EndProject
Project("{FAE04EC0-301F-11D3-BF4B-00C04F79EFBC}") = "FavClub", "FavClub\FavClub.csproj", "{61887E95-9ACD-49AF-A619-6A7AC2238442}"
EndProject
Project("{FAE04EC0-301F-11D3-BF4B-00C04F79EFBC}") = "Lang54cConsole", "Lang54cConsole\Lang54cConsole.csproj", "{2FE60FFB-D93B-4D65-A2D7-46F777E91AC7}"
EndProject
Project("{FAE04EC0-301F-11D3-BF4B-00C04F79EFBC}") = "Lang54aForm", "Lang54a\Lang54aForm.csproj", "{F2A3EBB0-81E9-4605-A34A-BEF2B603CA54}"
EndProject
Project("{FAE04EC0-301F-11D3-BF4B-00C04F79EFBC}") = "Lang88aForm", "Lang88a\Lang88aForm.csproj", "{10ADCD22-0C9F-4E97-966F-2568C371E163}"
EndProject
Project("{FAE04EC0-301F-11D3-BF4B-00C04F79EFBC}") = "Lang54bForm", "Lang54bForm\Lang54bForm.csproj", "{A86FE711-DC51-4C9F-B330-FCA141647132}"
EndProject
Project("{FAE04EC0-301F-11D3-BF4B-00C04F79EFBC}") = "Lang85cForm", "Lang85cForm\Lang85cForm.csproj", "{F6B2DFC6-FCE1-4A62-9D9B-B5D4E201E766}"
EndProject
Project("{FAE04EC0-301F-11D3-BF4B-00C04F79EFBC}") = "AboutMeForm", "AboutMeForm\AboutMeForm.csproj", "{F0E8C9F2-F10F-495E-BF2E-71590F23C3A7}"
EndProject
Project("{FAE04EC0-301F-11D3-BF4B-00C04F79EFBC}") = "Pg266LargeSmall", "Pg266LargeSmall\Pg266LargeSmall.csproj", "{A17B959F-BFD7-4CE1-AED9-6FFEAFD0E707}"
EndProject
Project("{FAE04EC0-301F-11D3-BF4B-00C04F79EFBC}") = "Pg273BookClubPoints", "Pg273BookClubPoints\Pg273BookClubPoints.csproj", "{36E13318-0D20-4D78-AF28-DA566AF82928}"
EndProject
Project("{FAE04EC0-301F-11D3-BF4B-00C04F79EFBC}") = "Pg273MassAndWeight", "Pg273MassAndWeight\Pg273MassAndWeight.csproj", "{DA850A47-A564-48A8-8BCE-5B4086A52FCE}"
EndProject
Project("{FAE04EC0-301F-11D3-BF4B-00C04F79EFBC}") = "Lp4-5", "Lp4-5\Lp4-5.csproj", "{9168DA4D-1C95-44D1-BB22-0F0DD27691CF}"
EndProject
Project("{FAE04EC0-301F-11D3-BF4B-00C04F79EFBC}") = "Lp4-1", "Lp4-1\Lp4-1.csproj", "{C2D08A4D-AF6D-4C5B-9D39-B94C8E2D9DB1}"
EndProject
Project("{FAE04EC0-301F-11D3-BF4B-00C04F79EFBC}") = "Pg535CatchMe", "Pg535CatchMe\Pg535CatchMe.csproj", "{0F8563CF-4FD4-4532-A7A9-9312AFD7CB43}"
EndProject
Project("{FAE04EC0-301F-11D3-BF4B-00C04F79EFBC}") = "Lp4-2", "Lp4-2\Lp4-2.csproj", "{6DA9B2FF-C7B4-4C4D-8545-43DC25A33396}"
EndProject
Project("{FAE04EC0-301F-11D3-BF4B-00C04F79EFBC}") = "Lang122a", "Lang122a\Lang122a.csproj", "{4DD7E980-8797-4EAB-803A-C9F30E345B4E}"
EndProject
Project("{FAE04EC0-301F-11D3-BF4B-00C04F79EFBC}") = "Lang122b", "122b\Lang122b.csproj", "{BA9BFBAE-FA74-4C1E-B213-F13E3036D42F}"
EndProject
Project("{FAE04EC0-301F-11D3-BF4B-00C04F79EFBC}") = "Lang310a", "Lang310a\Lang310a.csproj", "{1751563C-4B69-42C6-B98D-D60F18B29734}"
EndProject
Project("{FAE04EC0-301F-11D3-BF4B-00C04F79EFBC}") = "Pg347Sum", "Pg347Sum\Pg347Sum.csproj", "{DE2E7318-FC10-42ED-9C47-951BD339CBDD}"
EndProject
Project("{FAE04EC0-301F-11D3-BF4B-00C04F79EFBC}") = "Lang122d", "Lang122d\Lang122d.csproj", "{835ECE0B-8E12-41A2-A7AF-004C27854C80}"
EndProject
Project("{FAE04EC0-301F-11D3-BF4B-00C04F79EFBC}") = "CalcWithFunctions", "CalcWithFunctions\CalcWithFunctions.csproj", "{5ABDA397-CC75-4982-AD50-B3633248FFC9}"
EndProject
Project("{FAE04EC0-301F-11D3-BF4B-00C04F79EFBC}") = "Lang366b", "Lang366b\Lang366b.csproj", "{D02D24D2-EB7D-424E-9D45-BF33C467196C}"
EndProject
Project("{FAE04EC0-301F-11D3-BF4B-00C04F79EFBC}") = "Pg435TicketSale", "Pg435TicketSale\Pg435TicketSale.csproj", "{52B43988-0B8D-4F08-AAE9-1DC693C36C0F}"
EndProject
Project("{FAE04EC0-301F-11D3-BF4B-00C04F79EFBC}") = "StrInterview7", "StrInterview7\StrInterview7.csproj", "{C89B63D5-A87F-4CF9-9D29-F1AE70ABDDC8}"
EndProject
Project("{FAE04EC0-301F-11D3-BF4B-00C04F79EFBC}") = "StrInterview16", "StrInterview16\StrInterview16.csproj", "{520A69C3-7317-4E97-B344-C5F9E0AFE496}"
EndProject
Global
	GlobalSection(SolutionConfigurationPlatforms) = preSolution
		Debug|Any CPU = Debug|Any CPU
		Release|Any CPU = Release|Any CPU
	EndGlobalSection
	GlobalSection(ProjectConfigurationPlatforms) = postSolution
		{905F6A57-3A63-4704-AB4A-B57866525972}.Debug|Any CPU.ActiveCfg = Debug|Any CPU
		{905F6A57-3A63-4704-AB4A-B57866525972}.Debug|Any CPU.Build.0 = Debug|Any CPU
		{905F6A57-3A63-4704-AB4A-B57866525972}.Release|Any CPU.ActiveCfg = Release|Any CPU
		{905F6A57-3A63-4704-AB4A-B57866525972}.Release|Any CPU.Build.0 = Release|Any CPU
		{3B355473-7278-4C03-87CB-2D9047C1A761}.Debug|Any CPU.ActiveCfg = Debug|Any CPU
		{3B355473-7278-4C03-87CB-2D9047C1A761}.Debug|Any CPU.Build.0 = Debug|Any CPU
		{3B355473-7278-4C03-87CB-2D9047C1A761}.Release|Any CPU.ActiveCfg = Release|Any CPU
		{3B355473-7278-4C03-87CB-2D9047C1A761}.Release|Any CPU.Build.0 = Release|Any CPU
		{A73C4F6A-1181-4E28-8DE4-4D034A83F20B}.Debug|Any CPU.ActiveCfg = Debug|Any CPU
		{A73C4F6A-1181-4E28-8DE4-4D034A83F20B}.Debug|Any CPU.Build.0 = Debug|Any CPU
		{A73C4F6A-1181-4E28-8DE4-4D034A83F20B}.Release|Any CPU.ActiveCfg = Release|Any CPU
		{A73C4F6A-1181-4E28-8DE4-4D034A83F20B}.Release|Any CPU.Build.0 = Release|Any CPU
		{8CE1714E-D1DC-4397-A635-DE2F583F5876}.Debug|Any CPU.ActiveCfg = Debug|Any CPU
		{8CE1714E-D1DC-4397-A635-DE2F583F5876}.Debug|Any CPU.Build.0 = Debug|Any CPU
		{8CE1714E-D1DC-4397-A635-DE2F583F5876}.Release|Any CPU.ActiveCfg = Release|Any CPU
		{8CE1714E-D1DC-4397-A635-DE2F583F5876}.Release|Any CPU.Build.0 = Release|Any CPU
		{4F644988-2BBB-49F1-9D0D-C0971732E596}.Debug|Any CPU.ActiveCfg = Debug|Any CPU
		{4F644988-2BBB-49F1-9D0D-C0971732E596}.Debug|Any CPU.Build.0 = Debug|Any CPU
		{4F644988-2BBB-49F1-9D0D-C0971732E596}.Release|Any CPU.ActiveCfg = Release|Any CPU
		{4F644988-2BBB-49F1-9D0D-C0971732E596}.Release|Any CPU.Build.0 = Release|Any CPU
		{61887E95-9ACD-49AF-A619-6A7AC2238442}.Debug|Any CPU.ActiveCfg = Debug|Any CPU
		{61887E95-9ACD-49AF-A619-6A7AC2238442}.Debug|Any CPU.Build.0 = Debug|Any CPU
		{61887E95-9ACD-49AF-A619-6A7AC2238442}.Release|Any CPU.ActiveCfg = Release|Any CPU
		{61887E95-9ACD-49AF-A619-6A7AC2238442}.Release|Any CPU.Build.0 = Release|Any CPU
		{2FE60FFB-D93B-4D65-A2D7-46F777E91AC7}.Debug|Any CPU.ActiveCfg = Debug|Any CPU
		{2FE60FFB-D93B-4D65-A2D7-46F777E91AC7}.Debug|Any CPU.Build.0 = Debug|Any CPU
		{2FE60FFB-D93B-4D65-A2D7-46F777E91AC7}.Release|Any CPU.ActiveCfg = Release|Any CPU
		{2FE60FFB-D93B-4D65-A2D7-46F777E91AC7}.Release|Any CPU.Build.0 = Release|Any CPU
		{F2A3EBB0-81E9-4605-A34A-BEF2B603CA54}.Debug|Any CPU.ActiveCfg = Debug|Any CPU
		{F2A3EBB0-81E9-4605-A34A-BEF2B603CA54}.Debug|Any CPU.Build.0 = Debug|Any CPU
		{F2A3EBB0-81E9-4605-A34A-BEF2B603CA54}.Release|Any CPU.ActiveCfg = Release|Any CPU
		{F2A3EBB0-81E9-4605-A34A-BEF2B603CA54}.Release|Any CPU.Build.0 = Release|Any CPU
		{10ADCD22-0C9F-4E97-966F-2568C371E163}.Debug|Any CPU.ActiveCfg = Debug|Any CPU
		{10ADCD22-0C9F-4E97-966F-2568C371E163}.Debug|Any CPU.Build.0 = Debug|Any CPU
		{10ADCD22-0C9F-4E97-966F-2568C371E163}.Release|Any CPU.ActiveCfg = Release|Any CPU
		{10ADCD22-0C9F-4E97-966F-2568C371E163}.Release|Any CPU.Build.0 = Release|Any CPU
		{A86FE711-DC51-4C9F-B330-FCA141647132}.Debug|Any CPU.ActiveCfg = Debug|Any CPU
		{A86FE711-DC51-4C9F-B330-FCA141647132}.Debug|Any CPU.Build.0 = Debug|Any CPU
		{A86FE711-DC51-4C9F-B330-FCA141647132}.Release|Any CPU.ActiveCfg = Release|Any CPU
		{A86FE711-DC51-4C9F-B330-FCA141647132}.Release|Any CPU.Build.0 = Release|Any CPU
		{F6B2DFC6-FCE1-4A62-9D9B-B5D4E201E766}.Debug|Any CPU.ActiveCfg = Debug|Any CPU
		{F6B2DFC6-FCE1-4A62-9D9B-B5D4E201E766}.Debug|Any CPU.Build.0 = Debug|Any CPU
		{F6B2DFC6-FCE1-4A62-9D9B-B5D4E201E766}.Release|Any CPU.ActiveCfg = Release|Any CPU
		{F6B2DFC6-FCE1-4A62-9D9B-B5D4E201E766}.Release|Any CPU.Build.0 = Release|Any CPU
		{F0E8C9F2-F10F-495E-BF2E-71590F23C3A7}.Debug|Any CPU.ActiveCfg = Debug|Any CPU
		{F0E8C9F2-F10F-495E-BF2E-71590F23C3A7}.Debug|Any CPU.Build.0 = Debug|Any CPU
		{F0E8C9F2-F10F-495E-BF2E-71590F23C3A7}.Release|Any CPU.ActiveCfg = Release|Any CPU
		{F0E8C9F2-F10F-495E-BF2E-71590F23C3A7}.Release|Any CPU.Build.0 = Release|Any CPU
		{A17B959F-BFD7-4CE1-AED9-6FFEAFD0E707}.Debug|Any CPU.ActiveCfg = Debug|Any CPU
		{A17B959F-BFD7-4CE1-AED9-6FFEAFD0E707}.Debug|Any CPU.Build.0 = Debug|Any CPU
		{A17B959F-BFD7-4CE1-AED9-6FFEAFD0E707}.Release|Any CPU.ActiveCfg = Release|Any CPU
		{A17B959F-BFD7-4CE1-AED9-6FFEAFD0E707}.Release|Any CPU.Build.0 = Release|Any CPU
		{36E13318-0D20-4D78-AF28-DA566AF82928}.Debug|Any CPU.ActiveCfg = Debug|Any CPU
		{36E13318-0D20-4D78-AF28-DA566AF82928}.Debug|Any CPU.Build.0 = Debug|Any CPU
		{36E13318-0D20-4D78-AF28-DA566AF82928}.Release|Any CPU.ActiveCfg = Release|Any CPU
		{36E13318-0D20-4D78-AF28-DA566AF82928}.Release|Any CPU.Build.0 = Release|Any CPU
		{DA850A47-A564-48A8-8BCE-5B4086A52FCE}.Debug|Any CPU.ActiveCfg = Debug|Any CPU
		{DA850A47-A564-48A8-8BCE-5B4086A52FCE}.Debug|Any CPU.Build.0 = Debug|Any CPU
		{DA850A47-A564-48A8-8BCE-5B4086A52FCE}.Release|Any CPU.ActiveCfg = Release|Any CPU
		{DA850A47-A564-48A8-8BCE-5B4086A52FCE}.Release|Any CPU.Build.0 = Release|Any CPU
		{9168DA4D-1C95-44D1-BB22-0F0DD27691CF}.Debug|Any CPU.ActiveCfg = Debug|Any CPU
		{9168DA4D-1C95-44D1-BB22-0F0DD27691CF}.Debug|Any CPU.Build.0 = Debug|Any CPU
		{9168DA4D-1C95-44D1-BB22-0F0DD27691CF}.Release|Any CPU.ActiveCfg = Release|Any CPU
		{9168DA4D-1C95-44D1-BB22-0F0DD27691CF}.Release|Any CPU.Build.0 = Release|Any CPU
		{C2D08A4D-AF6D-4C5B-9D39-B94C8E2D9DB1}.Debug|Any CPU.ActiveCfg = Debug|Any CPU
		{C2D08A4D-AF6D-4C5B-9D39-B94C8E2D9DB1}.Debug|Any CPU.Build.0 = Debug|Any CPU
		{C2D08A4D-AF6D-4C5B-9D39-B94C8E2D9DB1}.Release|Any CPU.ActiveCfg = Release|Any CPU
		{C2D08A4D-AF6D-4C5B-9D39-B94C8E2D9DB1}.Release|Any CPU.Build.0 = Release|Any CPU
		{0F8563CF-4FD4-4532-A7A9-9312AFD7CB43}.Debug|Any CPU.ActiveCfg = Debug|Any CPU
		{0F8563CF-4FD4-4532-A7A9-9312AFD7CB43}.Debug|Any CPU.Build.0 = Debug|Any CPU
		{0F8563CF-4FD4-4532-A7A9-9312AFD7CB43}.Release|Any CPU.ActiveCfg = Release|Any CPU
		{0F8563CF-4FD4-4532-A7A9-9312AFD7CB43}.Release|Any CPU.Build.0 = Release|Any CPU
		{6DA9B2FF-C7B4-4C4D-8545-43DC25A33396}.Debug|Any CPU.ActiveCfg = Debug|Any CPU
		{6DA9B2FF-C7B4-4C4D-8545-43DC25A33396}.Debug|Any CPU.Build.0 = Debug|Any CPU
		{6DA9B2FF-C7B4-4C4D-8545-43DC25A33396}.Release|Any CPU.ActiveCfg = Release|Any CPU
		{6DA9B2FF-C7B4-4C4D-8545-43DC25A33396}.Release|Any CPU.Build.0 = Release|Any CPU
		{4DD7E980-8797-4EAB-803A-C9F30E345B4E}.Debug|Any CPU.ActiveCfg = Debug|Any CPU
		{4DD7E980-8797-4EAB-803A-C9F30E345B4E}.Debug|Any CPU.Build.0 = Debug|Any CPU
		{4DD7E980-8797-4EAB-803A-C9F30E345B4E}.Release|Any CPU.ActiveCfg = Release|Any CPU
		{4DD7E980-8797-4EAB-803A-C9F30E345B4E}.Release|Any CPU.Build.0 = Release|Any CPU
		{BA9BFBAE-FA74-4C1E-B213-F13E3036D42F}.Debug|Any CPU.ActiveCfg = Debug|Any CPU
		{BA9BFBAE-FA74-4C1E-B213-F13E3036D42F}.Debug|Any CPU.Build.0 = Debug|Any CPU
		{BA9BFBAE-FA74-4C1E-B213-F13E3036D42F}.Release|Any CPU.ActiveCfg = Release|Any CPU
		{BA9BFBAE-FA74-4C1E-B213-F13E3036D42F}.Release|Any CPU.Build.0 = Release|Any CPU
		{1751563C-4B69-42C6-B98D-D60F18B29734}.Debug|Any CPU.ActiveCfg = Debug|Any CPU
		{1751563C-4B69-42C6-B98D-D60F18B29734}.Debug|Any CPU.Build.0 = Debug|Any CPU
		{1751563C-4B69-42C6-B98D-D60F18B29734}.Release|Any CPU.ActiveCfg = Release|Any CPU
		{1751563C-4B69-42C6-B98D-D60F18B29734}.Release|Any CPU.Build.0 = Release|Any CPU
		{DE2E7318-FC10-42ED-9C47-951BD339CBDD}.Debug|Any CPU.ActiveCfg = Debug|Any CPU
		{DE2E7318-FC10-42ED-9C47-951BD339CBDD}.Debug|Any CPU.Build.0 = Debug|Any CPU
		{DE2E7318-FC10-42ED-9C47-951BD339CBDD}.Release|Any CPU.ActiveCfg = Release|Any CPU
		{DE2E7318-FC10-42ED-9C47-951BD339CBDD}.Release|Any CPU.Build.0 = Release|Any CPU
		{835ECE0B-8E12-41A2-A7AF-004C27854C80}.Debug|Any CPU.ActiveCfg = Debug|Any CPU
		{835ECE0B-8E12-41A2-A7AF-004C27854C80}.Debug|Any CPU.Build.0 = Debug|Any CPU
		{835ECE0B-8E12-41A2-A7AF-004C27854C80}.Release|Any CPU.ActiveCfg = Release|Any CPU
		{835ECE0B-8E12-41A2-A7AF-004C27854C80}.Release|Any CPU.Build.0 = Release|Any CPU
		{5ABDA397-CC75-4982-AD50-B3633248FFC9}.Debug|Any CPU.ActiveCfg = Debug|Any CPU
		{5ABDA397-CC75-4982-AD50-B3633248FFC9}.Debug|Any CPU.Build.0 = Debug|Any CPU
		{5ABDA397-CC75-4982-AD50-B3633248FFC9}.Release|Any CPU.ActiveCfg = Release|Any CPU
		{5ABDA397-CC75-4982-AD50-B3633248FFC9}.Release|Any CPU.Build.0 = Release|Any CPU
		{D02D24D2-EB7D-424E-9D45-BF33C467196C}.Debug|Any CPU.ActiveCfg = Debug|Any CPU
		{D02D24D2-EB7D-424E-9D45-BF33C467196C}.Debug|Any CPU.Build.0 = Debug|Any CPU
		{D02D24D2-EB7D-424E-9D45-BF33C467196C}.Release|Any CPU.ActiveCfg = Release|Any CPU
		{D02D24D2-EB7D-424E-9D45-BF33C467196C}.Release|Any CPU.Build.0 = Release|Any CPU
		{52B43988-0B8D-4F08-AAE9-1DC693C36C0F}.Debug|Any CPU.ActiveCfg = Debug|Any CPU
		{52B43988-0B8D-4F08-AAE9-1DC693C36C0F}.Debug|Any CPU.Build.0 = Debug|Any CPU
		{52B43988-0B8D-4F08-AAE9-1DC693C36C0F}.Release|Any CPU.ActiveCfg = Release|Any CPU
		{52B43988-0B8D-4F08-AAE9-1DC693C36C0F}.Release|Any CPU.Build.0 = Release|Any CPU
		{C89B63D5-A87F-4CF9-9D29-F1AE70ABDDC8}.Debug|Any CPU.ActiveCfg = Debug|Any CPU
		{C89B63D5-A87F-4CF9-9D29-F1AE70ABDDC8}.Debug|Any CPU.Build.0 = Debug|Any CPU
		{C89B63D5-A87F-4CF9-9D29-F1AE70ABDDC8}.Release|Any CPU.ActiveCfg = Release|Any CPU
		{C89B63D5-A87F-4CF9-9D29-F1AE70ABDDC8}.Release|Any CPU.Build.0 = Release|Any CPU
		{520A69C3-7317-4E97-B344-C5F9E0AFE496}.Debug|Any CPU.ActiveCfg = Debug|Any CPU
		{520A69C3-7317-4E97-B344-C5F9E0AFE496}.Debug|Any CPU.Build.0 = Debug|Any CPU
		{520A69C3-7317-4E97-B344-C5F9E0AFE496}.Release|Any CPU.ActiveCfg = Release|Any CPU
		{520A69C3-7317-4E97-B344-C5F9E0AFE496}.Release|Any CPU.Build.0 = Release|Any CPU
	EndGlobalSection
	GlobalSection(SolutionProperties) = preSolution
		HideSolutionNode = FALSE
	EndGlobalSection
EndGlobal
