
Microsoft Visual Studio Solution File, Format Version 11.00
# Visual Studio 2010
# SharpDevelop 4.4
Project("{FD48973F-F585-4F70-812B-4D0503B36CE9}") = "Lp3-7", "Lp3-7\Lp3-7.pyproj", "{792B536E-1B8E-4520-AD41-CAFA1E25025B}"
EndProject
Global
	GlobalSection(SolutionConfigurationPlatforms) = preSolution
		Debug|Any CPU = Debug|Any CPU
		Release|Any CPU = Release|Any CPU
	EndGlobalSection
	GlobalSection(ProjectConfigurationPlatforms) = postSolution
		{792B536E-1B8E-4520-AD41-CAFA1E25025B}.Debug|Any CPU.Build.0 = Debug|Any CPU
		{792B536E-1B8E-4520-AD41-CAFA1E25025B}.Debug|Any CPU.ActiveCfg = Debug|Any CPU
		{792B536E-1B8E-4520-AD41-CAFA1E25025B}.Release|Any CPU.Build.0 = Release|Any CPU
		{792B536E-1B8E-4520-AD41-CAFA1E25025B}.Release|Any CPU.ActiveCfg = Release|Any CPU
	EndGlobalSection
EndGlobal
