
Microsoft Visual Studio Solution File, Format Version 11.00
# Visual Studio 2010
# SharpDevelop 4.4
Project("{FD48973F-F585-4F70-812B-4D0503B36CE9}") = "Pg447", "Pg447.pyproj", "{DCAC1DE7-1F1C-4730-8181-EB4A2A185310}"
EndProject
Global
	GlobalSection(SolutionConfigurationPlatforms) = preSolution
		Debug|Any CPU = Debug|Any CPU
		Release|Any CPU = Release|Any CPU
	EndGlobalSection
	GlobalSection(ProjectConfigurationPlatforms) = postSolution
		{DCAC1DE7-1F1C-4730-8181-EB4A2A185310}.Debug|Any CPU.Build.0 = Debug|Any CPU
		{DCAC1DE7-1F1C-4730-8181-EB4A2A185310}.Debug|Any CPU.ActiveCfg = Debug|Any CPU
		{DCAC1DE7-1F1C-4730-8181-EB4A2A185310}.Release|Any CPU.Build.0 = Release|Any CPU
		{DCAC1DE7-1F1C-4730-8181-EB4A2A185310}.Release|Any CPU.ActiveCfg = Release|Any CPU
	EndGlobalSection
EndGlobal
