
Microsoft Visual Studio Solution File, Format Version 11.00
# Visual Studio 2010
# SharpDevelop 4.4
Project("{FD48973F-F585-4F70-812B-4D0503B36CE9}") = "Pg486", "Pg486\Pg486.pyproj", "{F31F7A94-66F3-4AF5-84A2-9DC7209C945D}"
EndProject
Global
	GlobalSection(SolutionConfigurationPlatforms) = preSolution
		Debug|Any CPU = Debug|Any CPU
		Release|Any CPU = Release|Any CPU
	EndGlobalSection
	GlobalSection(ProjectConfigurationPlatforms) = postSolution
		{F31F7A94-66F3-4AF5-84A2-9DC7209C945D}.Debug|Any CPU.Build.0 = Debug|Any CPU
		{F31F7A94-66F3-4AF5-84A2-9DC7209C945D}.Debug|Any CPU.ActiveCfg = Debug|Any CPU
		{F31F7A94-66F3-4AF5-84A2-9DC7209C945D}.Release|Any CPU.Build.0 = Release|Any CPU
		{F31F7A94-66F3-4AF5-84A2-9DC7209C945D}.Release|Any CPU.ActiveCfg = Release|Any CPU
	EndGlobalSection
EndGlobal
